# THIS IS AN AUTOGENERATED FILE. DO NOT EDIT THIS FILE DIRECTLY.
# yarn lockfile v1


"@hey-api/codegen-core@0.8.1":
  version "0.8.1"
  resolved "https://registry.yarnpkg.com/@hey-api/codegen-core/-/codegen-core-0.8.1.tgz#70fbc7ef83974816376ac2d6d4ee754f12075590"
  integrity sha512-Iciv2vUCJTW9lWM/ROvyZLblmcbYJHPuXfzb1SzeDVVn4xEXu2ilLU1pq3fn+09FZ/Y0P7VyvRE47UDU6om8xA==
  dependencies:
    "@hey-api/types" "0.1.4"
    ansi-colors "4.1.3"
    c12 "3.3.4"
    color-support "1.1.3"

"@hey-api/json-schema-ref-parser@1.4.2":
  version "1.4.2"
  resolved "https://registry.yarnpkg.com/@hey-api/json-schema-ref-parser/-/json-schema-ref-parser-1.4.2.tgz#d63ce9a23f92588464143d9425101aad93b9a71a"
  integrity sha512-ZhCFSKI2ipZHEbgmtUHdyddvRU3wJ4elgCfYUC7T7hZa4EivSrVflTQf2w+v3TuaYxR1Y2V2kq3otqTttrrK8Q==
  dependencies:
    "@jsdevtools/ono" "7.1.3"
    "@types/json-schema" "7.0.15"
    js-yaml "4.1.1"

"@hey-api/openapi-ts@0.97.1":
  version "0.97.1"
  resolved "https://registry.yarnpkg.com/@hey-api/openapi-ts/-/openapi-ts-0.97.1.tgz#e29980ab1c29a96f26959b912801f3927dbf0a91"
  integrity sha512-LksUJeXAqwf6OhcCCr3/B4YjnBs5rqSqjDUKMBvkgp4OhaCQiJrOvntctFxdnugy8jUojP4yi/eJf5xYzcYzCQ==
  dependencies:
    "@hey-api/codegen-core" "0.8.1"
    "@hey-api/json-schema-ref-parser" "1.4.2"
    "@hey-api/shared" "0.4.3"
    "@hey-api/spec-types" "0.2.0"
    "@hey-api/types" "0.1.4"
    "@lukeed/ms" "2.0.2"
    ansi-colors "4.1.3"
    color-support "1.1.3"
    commander "14.0.3"
    get-tsconfig "4.14.0"

"@hey-api/shared@0.4.3":
  version "0.4.3"
  resolved "https://registry.yarnpkg.com/@hey-api/shared/-/shared-0.4.3.tgz#0b7002d8602adac037dec11e2a2b27f977808549"
  integrity sha512-3tHfZNXgGOt+3P3Kq9cvqmZ9i7e3jtrkip1uDpZTX1+hTNboHhYdjxnT8AbrDuvslTaQHoAOlP4/iCDdzd9Jag==
  dependencies:
    "@hey-api/codegen-core" "0.8.1"
    "@hey-api/json-schema-ref-parser" "1.4.2"
    "@hey-api/spec-types" "0.2.0"
    "@hey-api/types" "0.1.4"
    ansi-colors "4.1.3"
    cross-spawn "7.0.6"
    open "11.0.0"
    semver "7.7.4"

"@hey-api/spec-types@0.2.0":
  version "0.2.0"
  resolved "https://registry.yarnpkg.com/@hey-api/spec-types/-/spec-types-0.2.0.tgz#5b6dcdd1bdeb978033f0d250654ec4d440e90030"
  integrity sha512-ibQ8Is7evMavzr8GNyJCcTg975d8DpaMUyLmOrQ85UBdy1l6t1KuRAwgChAbesJsIlNV6gjmlXruWyegDX18Fg==
  dependencies:
    "@hey-api/types" "0.1.4"

"@hey-api/types@0.1.4":
  version "0.1.4"
  resolved "https://registry.yarnpkg.com/@hey-api/types/-/types-0.1.4.tgz#d73731c8ffb5d5b898c01288ca7dfbc367b561ea"
  integrity sha512-thWfawrDIP7wSI9ioT13I5soaaqB5vAPIiZmgD8PbeEVKNrkonc0N/Sjj97ezl7oQgusZmaNphGdMKipPO6IBg==

"@jsdevtools/ono@7.1.3":
  version "7.1.3"
  resolved "https://registry.yarnpkg.com/@jsdevtools/ono/-/ono-7.1.3.tgz#9df03bbd7c696a5c58885c34aa06da41c8543796"
  integrity sha512-4JQNk+3mVzK3xh2rqd6RB4J46qUR19azEHBneZyTZM+c456qOrbbM/5xcR8huNCCcbVt7+UmizG6GuUvPvKUYg==

"@lukeed/ms@2.0.2":
  version "2.0.2"
  resolved "https://registry.yarnpkg.com/@lukeed/ms/-/ms-2.0.2.tgz#07f09e59a74c52f4d88c6db5c1054e819538e2a8"
  integrity sha512-9I2Zn6+NJLfaGoz9jN3lpwDgAYvfGeNYdbAIjJOqzs4Tpc+VU3Jqq4IofSUBKajiDS8k9fZIg18/z13mpk1bsA==

"@types/json-schema@7.0.15":
  version "7.0.15"
  resolved "https://registry.yarnpkg.com/@types/json-schema/-/json-schema-7.0.15.tgz#596a1747233694d50f6ad8a7869fcb6f56cf5841"
  integrity sha512-5+fP8P8MFNC+AyZCDxrB2pkZFPGzqQWUzpSeuuVLvm8VMcorNYavBqoFcxK8bQz4Qsbn4oUEEem4wDLfcysGHA==

ansi-colors@4.1.3:
  version "4.1.3"
  resolved "https://registry.yarnpkg.com/ansi-colors/-/ansi-colors-4.1.3.tgz#37611340eb2243e70cc604cad35d63270d48781b"
  integrity sha512-/6w/C21Pm1A7aZitlI5Ni/2J6FFQN8i1Cvz3kHABAAbw93v/NlvKdVOqz7CCWz/3iv/JplRSEEZ83XION15ovw==

argparse@^2.0.1:
  version "2.0.1"
  resolved "https://registry.yarnpkg.com/argparse/-/argparse-2.0.1.tgz#246f50f3ca78a3240f6c997e8a9bd1eac49e4b38"
  integrity sha512-8+9WqebbFzpX9OR+Wa6O29asIogeRMzcGtAINdpMHHyAg10f05aSFVBbcEqGf/PXw1EjAZ+q2/bEBg3DvurK3Q==

bundle-name@^4.1.0:
  version "4.1.0"
  resolved "https://registry.yarnpkg.com/bundle-name/-/bundle-name-4.1.0.tgz#f3b96b34160d6431a19d7688135af7cfb8797889"
  integrity sha512-tjwM5exMg6BGRI+kNmTntNsvdZS1X8BFYS6tnJ2hdH0kVxM6/eVZ2xy+FqStSWvYmtfFMDLIxurorHwDKfDz5Q==
  dependencies:
    run-applescript "^7.0.0"

c12@3.3.4:
  version "3.3.4"
  resolved "https://registry.yarnpkg.com/c12/-/c12-3.3.4.tgz#1253a5faf8b61244884d42459b4a6412571fe9f3"
  integrity sha512-cM0ApFQSBXuourJejzwv/AuPRvAxordTyParRVcHjjtXirtkzM0uK2L9TTn9s0cXZbG7E55jCivRQzoxYmRAlA==
  dependencies:
    chokidar "^5.0.0"
    confbox "^0.2.4"
    defu "^6.1.6"
    dotenv "^17.3.1"
    exsolve "^1.0.8"
    giget "^3.2.0"
    jiti "^2.6.1"
    ohash "^2.0.11"
    pathe "^2.0.3"
    perfect-debounce "^2.1.0"
    pkg-types "^2.3.0"
    rc9 "^3.0.1"

chokidar@^5.0.0:
  version "5.0.0"
  resolved "https://registry.yarnpkg.com/chokidar/-/chokidar-5.0.0.tgz#949c126a9238a80792be9a0265934f098af369a5"
  integrity sha512-TQMmc3w+5AxjpL8iIiwebF73dRDF4fBIieAqGn9RGCWaEVwQ6Fb2cGe31Yns0RRIzii5goJ1Y7xbMwo1TxMplw==
  dependencies:
    readdirp "^5.0.0"

color-support@1.1.3:
  version "1.1.3"
  resolved "https://registry.yarnpkg.com/color-support/-/color-support-1.1.3.tgz#93834379a1cc9a0c61f82f52f0d04322251bd5a2"
  integrity sha512-qiBjkpbMLO/HL68y+lh4q0/O1MZFj2RX6X/KmMa3+gJD3z+WwI1ZzDHysvqHGS3mP6mznPckpXmw1nI9cJjyRg==

commander@14.0.3:
  version "14.0.3"
  resolved "https://registry.yarnpkg.com/commander/-/commander-14.0.3.tgz#425d79b48f9af82fcd9e4fc1ea8af6c5ec07bbc2"
  integrity sha512-H+y0Jo/T1RZ9qPP4Eh1pkcQcLRglraJaSLoyOtHxu6AapkjWVCy2Sit1QQ4x3Dng8qDlSsZEet7g5Pq06MvTgw==

confbox@^0.2.4:
  version "0.2.4"
  resolved "https://registry.yarnpkg.com/confbox/-/confbox-0.2.4.tgz#592e7be71f882a4a874e3c88f0ac1ef6f7da1ce5"
  integrity sha512-ysOGlgTFbN2/Y6Cg3Iye8YKulHw+R2fNXHrgSmXISQdMnomY6eNDprVdW9R5xBguEqI954+S6709UyiO7B+6OQ==

cross-spawn@7.0.6:
  version "7.0.6"
  resolved "https://registry.yarnpkg.com/cross-spawn/-/cross-spawn-7.0.6.tgz#8a58fe78f00dcd70c370451759dfbfaf03e8ee9f"
  integrity sha512-uV2QOWP2nWzsy2aMp8aRibhi9dlzF5Hgh5SHaB9OiTGEyDTiJJyx0uy51QXdyWbtAHNua4XJzUKca3OzKUd3vA==
  dependencies:
    path-key "^3.1.0"
    shebang-command "^2.0.0"
    which "^2.0.1"

default-browser-id@^5.0.0:
  version "5.0.1"
  resolved "https://registry.yarnpkg.com/default-browser-id/-/default-browser-id-5.0.1.tgz#f7a7ccb8f5104bf8e0f71ba3b1ccfa5eafdb21e8"
  integrity sha512-x1VCxdX4t+8wVfd1so/9w+vQ4vx7lKd2Qp5tDRutErwmR85OgmfX7RlLRMWafRMY7hbEiXIbudNrjOAPa/hL8Q==

default-browser@^5.4.0:
  version "5.5.0"
  resolved "https://registry.yarnpkg.com/default-browser/-/default-browser-5.5.0.tgz#2792e886f2422894545947cc80e1a444496c5976"
  integrity sha512-H9LMLr5zwIbSxrmvikGuI/5KGhZ8E2zH3stkMgM5LpOWDutGM2JZaj460Udnf1a+946zc7YBgrqEWwbk7zHvGw==
  dependencies:
    bundle-name "^4.1.0"
    default-browser-id "^5.0.0"

define-lazy-prop@^3.0.0:
  version "3.0.0"
  resolved "https://registry.yarnpkg.com/define-lazy-prop/-/define-lazy-prop-3.0.0.tgz#dbb19adfb746d7fc6d734a06b72f4a00d021255f"
  integrity sha512-N+MeXYoqr3pOgn8xfyRPREN7gHakLYjhsHhWGT3fWAiL4IkAt0iDw14QiiEm2bE30c5XX5q0FtAA3CK5f9/BUg==

defu@^6.1.6:
  version "6.1.7"
  resolved "https://registry.yarnpkg.com/defu/-/defu-6.1.7.tgz#72543567c8e9f97ff13ce402b6dbe09ac5ae4d23"
  integrity sha512-7z22QmUWiQ/2d0KkdYmANbRUVABpZ9SNYyH5vx6PZ+nE5bcC0l7uFvEfHlyld/HcGBFTL536ClDt3DEcSlEJAQ==

destr@^2.0.5:
  version "2.0.5"
  resolved "https://registry.yarnpkg.com/destr/-/destr-2.0.5.tgz#7d112ff1b925fb8d2079fac5bdb4a90973b51fdb"
  integrity sha512-ugFTXCtDZunbzasqBxrK93Ik/DRYsO6S/fedkWEMKqt04xZ4csmnmwGDBAb07QWNaGMAmnTIemsYZCksjATwsA==

dotenv@^17.3.1:
  version "17.4.2"
  resolved "https://registry.yarnpkg.com/dotenv/-/dotenv-17.4.2.tgz#c07e54a746e11eba021dd9e1047ced5afdc1c034"
  integrity sha512-nI4U3TottKAcAD9LLud4Cb7b2QztQMUEfHbvhTH09bqXTxnSie8WnjPALV/WMCrJZ6UV/qHJ6L03OqO3LcdYZw==

exsolve@^1.0.8:
  version "1.0.8"
  resolved "https://registry.yarnpkg.com/exsolve/-/exsolve-1.0.8.tgz#7f5e34da61cd1116deda5136e62292c096f50613"
  integrity sha512-LmDxfWXwcTArk8fUEnOfSZpHOJ6zOMUJKOtFLFqJLoKJetuQG874Uc7/Kki7zFLzYybmZhp1M7+98pfMqeX8yA==

get-tsconfig@4.14.0:
  version "4.14.0"
  resolved "https://registry.yarnpkg.com/get-tsconfig/-/get-tsconfig-4.14.0.tgz#985d85c52a9903864280ccc2448d413fbf1efed8"
  integrity sha512-yTb+8DXzDREzgvYmh6s9vHsSVCHeC0G3PI5bEXNBHtmshPnO+S5O7qgLEOn0I5QvMy6kpZN8K1NKGyilLb93wA==
  dependencies:
    resolve-pkg-maps "^1.0.0"

giget@^3.2.0:
  version "3.2.0"
  resolved "https://registry.yarnpkg.com/giget/-/giget-3.2.0.tgz#bacfdd1264f81485a915928b0ae219be0e81a7c9"
  integrity sha512-GvHTWcykIR/fP8cj8dMpuMMkvaeJfPvYnhq0oW+chSeIr+ldX21ifU2Ms6KBoyKZQZmVaUAAhQ2EZ68KJF8a7A==

is-docker@^3.0.0:
  version "3.0.0"
  resolved "https://registry.yarnpkg.com/is-docker/-/is-docker-3.0.0.tgz#90093aa3106277d8a77a5910dbae71747e15a200"
  integrity sha512-eljcgEDlEns/7AXFosB5K/2nCM4P7FQPkGc/DWLy5rmFEWvZayGrik1d9/QIY5nJ4f9YsVvBkA6kJpHn9rISdQ==

is-in-ssh@^1.0.0:
  version "1.0.0"
  resolved "https://registry.yarnpkg.com/is-in-ssh/-/is-in-ssh-1.0.0.tgz#8eb73c1cabba77748d389588eeea132a63057622"
  integrity sha512-jYa6Q9rH90kR1vKB6NM7qqd1mge3Fx4Dhw5TVlK1MUBqhEOuCagrEHMevNuCcbECmXZ0ThXkRm+Ymr51HwEPAw==

is-inside-container@^1.0.0:
  version "1.0.0"
  resolved "https://registry.yarnpkg.com/is-inside-container/-/is-inside-container-1.0.0.tgz#e81fba699662eb31dbdaf26766a61d4814717ea4"
  integrity sha512-KIYLCCJghfHZxqjYBE7rEy0OBuTd5xCHS7tHVgvCLkx7StIoaxwNW3hCALgEUjFfeRk+MG/Qxmp/vtETEF3tRA==
  dependencies:
    is-docker "^3.0.0"

is-wsl@^3.1.0:
  version "3.1.1"
  resolved "https://registry.yarnpkg.com/is-wsl/-/is-wsl-3.1.1.tgz#327897b26832a3eb117da6c27492d04ca132594f"
  integrity sha512-e6rvdUCiQCAuumZslxRJWR/Doq4VpPR82kqclvcS0efgt430SlGIk05vdCN58+VrzgtIcfNODjozVielycD4Sw==
  dependencies:
    is-inside-container "^1.0.0"

isexe@^2.0.0:
  version "2.0.0"
  resolved "https://registry.yarnpkg.com/isexe/-/isexe-2.0.0.tgz#e8fbf374dc556ff8947a10dcb0572d633f2cfa10"
  integrity sha512-RHxMLp9lnKHGHRng9QFhRCMbYAcVpn69smSGcq3f36xjgVVWThj4qqLbTLlq7Ssj8B+fIQ1EuCEGI2lKsyQeIw==

jiti@^2.6.1:
  version "2.7.0"
  resolved "https://registry.yarnpkg.com/jiti/-/jiti-2.7.0.tgz#974228f2f4ca2bc21885a1797b45fea68e950c64"
  integrity sha512-AC/7JofJvZGrrneWNaEnJeOLUx+JlGt7tNa0wZiRPT4MY1wmfKjt2+6O2p2uz2+skll8OZZmJMNqeke7kKbNgQ==

js-yaml@4.1.1:
  version "4.1.1"
  resolved "https://registry.yarnpkg.com/js-yaml/-/js-yaml-4.1.1.tgz#854c292467705b699476e1a2decc0c8a3458806b"
  integrity sha512-qQKT4zQxXl8lLwBtHMWwaTcGfFOZviOJet3Oy/xmGk2gZH677CJM9EvtfdSkgWcATZhj/55JZ0rmy3myCT5lsA==
  dependencies:
    argparse "^2.0.1"

ohash@^2.0.11:
  version "2.0.11"
  resolved "https://registry.yarnpkg.com/ohash/-/ohash-2.0.11.tgz#60b11e8cff62ca9dee88d13747a5baa145f5900b"
  integrity sha512-RdR9FQrFwNBNXAr4GixM8YaRZRJ5PUWbKYbE5eOsrwAjJW0q2REGcf79oYPsLyskQCZG1PLN+S/K1V00joZAoQ==

open@11.0.0:
  version "11.0.0"
  resolved "https://registry.yarnpkg.com/open/-/open-11.0.0.tgz#897e6132f994d3554cbcf72e0df98f176a7e5f62"
  integrity sha512-smsWv2LzFjP03xmvFoJ331ss6h+jixfA4UUV/Bsiyuu4YJPfN+FIQGOIiv4w9/+MoHkfkJ22UIaQWRVFRfH6Vw==
  dependencies:
    default-browser "^5.4.0"
    define-lazy-prop "^3.0.0"
    is-in-ssh "^1.0.0"
    is-inside-container "^1.0.0"
    powershell-utils "^0.1.0"
    wsl-utils "^0.3.0"

path-key@^3.1.0:
  version "3.1.1"
  resolved "https://registry.yarnpkg.com/path-key/-/path-key-3.1.1.tgz#581f6ade658cbba65a0d3380de7753295054f375"
  integrity sha512-ojmeN0qd+y0jszEtoY48r0Peq5dwMEkIlCOu6Q5f41lfkswXuKtYrhgoTpLnyIcHm24Uhqx+5Tqm2InSwLhE6Q==

pathe@^2.0.3:
  version "2.0.3"
  resolved "https://registry.yarnpkg.com/pathe/-/pathe-2.0.3.tgz#3ecbec55421685b70a9da872b2cff3e1cbed1716"
  integrity sha512-WUjGcAqP1gQacoQe+OBJsFA7Ld4DyXuUIjZ5cc75cLHvJ7dtNsTugphxIADwspS+AraAUePCKrSVtPLFj/F88w==

perfect-debounce@^2.1.0:
  version "2.1.0"
  resolved "https://registry.yarnpkg.com/perfect-debounce/-/perfect-debounce-2.1.0.tgz#e7078e38f231cb191855c3136a4423aef725d261"
  integrity sha512-LjgdTytVFXeUgtHZr9WYViYSM/g8MkcTPYDlPa3cDqMirHjKiSZPYd6DoL7pK8AJQr+uWkQvCjHNdiMqsrJs+g==

pkg-types@^2.3.0:
  version "2.3.1"
  resolved "https://registry.yarnpkg.com/pkg-types/-/pkg-types-2.3.1.tgz#fa27ed0940efcf40bba453b0e5cab41217b0d442"
  integrity sha512-y+ichcgc2LrADuhLNAx8DFjVfgz91pRxfZdI3UDhxHvcVEZsenLO+7XaU5vOp0u/7V/wZ+plyuQxtrDlZJ+yeg==
  dependencies:
    confbox "^0.2.4"
    exsolve "^1.0.8"
    pathe "^2.0.3"

powershell-utils@^0.1.0:
  version "0.1.0"
  resolved "https://registry.yarnpkg.com/powershell-utils/-/powershell-utils-0.1.0.tgz#5a42c9a824fb4f2f251ccb41aaae73314f5d6ac2"
  integrity sha512-dM0jVuXJPsDN6DvRpea484tCUaMiXWjuCn++HGTqUWzGDjv5tZkEZldAJ/UMlqRYGFrD/etByo4/xOuC/snX2A==

rc9@^3.0.1:
  version "3.0.1"
  resolved "https://registry.yarnpkg.com/rc9/-/rc9-3.0.1.tgz#3895e5834a2b5c2d8fb76d93e802fbcbc2579bc7"
  integrity sha512-gMDyleLWVE+i6Sgtc0QbbY6pEKqYs97NGi6isHQPqYlLemPoO8dxQ3uGi0f4NiP98c+jMW6cG1Kx9dDwfvqARQ==
  dependencies:
    defu "^6.1.6"
    destr "^2.0.5"

readdirp@^5.0.0:
  version "5.0.0"
  resolved "https://registry.yarnpkg.com/readdirp/-/readdirp-5.0.0.tgz#fbf1f71a727891d685bb1786f9ba74084f6e2f91"
  integrity sha512-9u/XQ1pvrQtYyMpZe7DXKv2p5CNvyVwzUB6uhLAnQwHMSgKMBR62lc7AHljaeteeHXn11XTAaLLUVZYVZyuRBQ==

resolve-pkg-maps@^1.0.0:
  version "1.0.0"
  resolved "https://registry.yarnpkg.com/resolve-pkg-maps/-/resolve-pkg-maps-1.0.0.tgz#616b3dc2c57056b5588c31cdf4b3d64db133720f"
  integrity sha512-seS2Tj26TBVOC2NIc2rOe2y2ZO7efxITtLZcGSOnHHNOQ7CkiUBfw0Iw2ck6xkIhPwLhKNLS8BO+hEpngQlqzw==

run-applescript@^7.0.0:
  version "7.1.0"
  resolved "https://registry.yarnpkg.com/run-applescript/-/run-applescript-7.1.0.tgz#2e9e54c4664ec3106c5b5630e249d3d6595c4911"
  integrity sha512-DPe5pVFaAsinSaV6QjQ6gdiedWDcRCbUuiQfQa2wmWV7+xC9bGulGI8+TdRmoFkAPaBXk8CrAbnlY2ISniJ47Q==

semver@7.7.4:
  version "7.7.4"
  resolved "https://registry.yarnpkg.com/semver/-/semver-7.7.4.tgz#28464e36060e991fa7a11d0279d2d3f3b57a7e8a"
  integrity sha512-vFKC2IEtQnVhpT78h1Yp8wzwrf8CM+MzKMHGJZfBtzhZNycRFnXsHk6E5TxIkkMsgNS7mdX3AGB7x2QM2di4lA==

shebang-command@^2.0.0:
  version "2.0.0"
  resolved "https://registry.yarnpkg.com/shebang-command/-/shebang-command-2.0.0.tgz#ccd0af4f8835fbdc265b82461aaf0c36663f34ea"
  integrity sha512-kHxr2zZpYtdmrN1qDjrrX/Z1rR1kG8Dx+gkpK1G4eXmvXswmcE1hTWBWYUzlraYw1/yZp6YuDY77YtvbN0dmDA==
  dependencies:
    shebang-regex "^3.0.0"

shebang-regex@^3.0.0:
  version "3.0.0"
  resolved "https://registry.yarnpkg.com/shebang-regex/-/shebang-regex-3.0.0.tgz#ae16f1644d873ecad843b0307b143362d4c42172"
  integrity sha512-7++dFhtcx3353uBaq8DDR4NuxBetBzC7ZQOhmTQInHEd6bSrXdiEyzCvG07Z44UYdLShWUyXt5M/yhz8ekcb1A==

typescript@6.0.3:
  version "6.0.3"
  resolved "https://registry.yarnpkg.com/typescript/-/typescript-6.0.3.tgz#90251dc007916e972786cb94d74d15b185577d21"
  integrity sha512-y2TvuxSZPDyQakkFRPZHKFm+KKVqIisdg9/CZwm9ftvKXLP8NRWj38/ODjNbr43SsoXqNuAisEf1GdCxqWcdBw==

which@^2.0.1:
  version "2.0.2"
  resolved "https://registry.yarnpkg.com/which/-/which-2.0.2.tgz#7c6a8dd0a636a0327e10b59c9286eee93f3f51b1"
  integrity sha512-BLI3Tl1TW3Pvl70l3yq3Y64i+awpwXqsGBYWkkqMtnbXgrMD+yj7rhW0kuEDxzJaYXGjEW5ogapKNMEKNMjibA==
  dependencies:
    isexe "^2.0.0"

wsl-utils@^0.3.0:
  version "0.3.1"
  resolved "https://registry.yarnpkg.com/wsl-utils/-/wsl-utils-0.3.1.tgz#9479836ddf03be267aad3abfc3cb1f6e0c9f1ed1"
  integrity sha512-g/eziiSUNBSsdDJtCLB8bdYEUMj4jR7AGeUo96p/3dTafgjHhpF4RiCFPiRILwjQoDXx5MqkBr4fwWtR3Ky4Wg==
  dependencies:
    is-wsl "^3.1.0"
    powershell-utils "^0.1.0"
